
Microsoft Visual Studio Solution File, Format Version 12.00
# Visual Studio 15
VisualStudioVersion = 15.0.27428.2002
MinimumVisualStudioVersion = 10.0.40219.1
Project("{FAE04EC0-301F-11D3-BF4B-00C04F79EFBC}") = "IML-AT-Core", "IML-AT-Core\IML-AT-Core.csproj", "{50721CF2-EECD-48AD-82FD-CACB0BB093D9}"
EndProject
Global
	GlobalSection(SolutionConfigurationPlatforms) = preSolution
		Debug|Any CPU = Debug|Any CPU
		Release|Any CPU = Release|Any CPU
	EndGlobalSection
	GlobalSection(ProjectConfigurationPlatforms) = postSolution
		{50721CF2-EECD-48AD-82FD-CACB0BB093D9}.Debug|Any CPU.ActiveCfg = Debug|Any CPU
		{50721CF2-EECD-48AD-82FD-CACB0BB093D9}.Debug|Any CPU.Build.0 = Debug|Any CPU
		{50721CF2-EECD-48AD-82FD-CACB0BB093D9}.Release|Any CPU.ActiveCfg = Release|Any CPU
		{50721CF2-EECD-48AD-82FD-CACB0BB093D9}.Release|Any CPU.Build.0 = Release|Any CPU
	EndGlobalSection
	GlobalSection(SolutionProperties) = preSolution
		HideSolutionNode = FALSE
	EndGlobalSection
	GlobalSection(ExtensibilityGlobals) = postSolution
		SolutionGuid = {C5C18BAD-D8AF-4538-81C7-FF10E3579944}
	EndGlobalSection
EndGlobal
